
Microsoft Visual Studio Solution File, Format Version 12.00
# Visual Studio 14
VisualStudioVersion = 14.0.25123.0
MinimumVisualStudioVersion = 10.0.40219.1
Project("{FAE04EC0-301F-11D3-BF4B-00C04F79EFBC}") = "AbstractStructure", "AbstractStructure\AbstractStructure.csproj", "{25BEE9B7-4244-4ED6-9935-361CF17D0880}"
EndProject
Project("{FAE04EC0-301F-11D3-BF4B-00C04F79EFBC}") = "AppPreload", "AppPreload\AppPreload.csproj", "{42D9E4C7-8B3A-4032-9CBC-8BD4C2646D27}"
EndProject
Project("{FAE04EC0-301F-11D3-BF4B-00C04F79EFBC}") = "AppTraverser", "AppTraverser\AppTraverser.csproj", "{A3571185-F8E2-4B1D-B310-3A4C6F58414F}"
EndProject
Project("{FAE04EC0-301F-11D3-BF4B-00C04F79EFBC}") = "ConnectDesktop", "ConnectDesktop\ConnectDesktop\ConnectDesktop.csproj", "{BBA86DC0-25F7-4A44-B788-689B0DD69004}"
EndProject
Project("{FAE04EC0-301F-11D3-BF4B-00C04F79EFBC}") = "CustomDesktop", "CustomDesktop\CustomDesktop.csproj", "{046D7F29-EB5A-47F9-9B49-9CBA27726544}"
EndProject
Project("{FAE04EC0-301F-11D3-BF4B-00C04F79EFBC}") = "ConnectServerNTLM", "ConnectServerNTLM\ConnectServerNTLM\ConnectServerNTLM.csproj", "{917E3247-8829-44BC-90DA-F5CD2667BE94}"
EndProject
Project("{FAE04EC0-301F-11D3-BF4B-00C04F79EFBC}") = "ConnectServerStaticHeader", "ConnectServerStaticHeader\ConnectServerStaticHeader\ConnectServerStaticHeader.csproj", "{F8B97539-1769-418D-9C4E-34AF09BD3E97}"
EndProject
Project("{FAE04EC0-301F-11D3-BF4B-00C04F79EFBC}") = "ConnectDirectLocalServer", "ConnectDirectLocalServer\ConnectDirectLocalServer\ConnectDirectLocalServer.csproj", "{28E4F7BC-61F9-47A1-80E1-55577BB7C3AA}"
EndProject
Project("{FAE04EC0-301F-11D3-BF4B-00C04F79EFBC}") = "ConnectDirectRemoteServer", "ConnectDirectRemoteServer\ConnectDirectRemoteServer.csproj", "{F10596CD-9C37-40C5-BD52-00306268CC9B}"
EndProject
Project("{FAE04EC0-301F-11D3-BF4B-00C04F79EFBC}") = "ConnectServerAnonymousUser", "ConnectServerAnonymousUser\ConnectServerAnonymousUser.csproj", "{942630A6-263E-45F3-9EBD-86102D655812}"
EndProject
Project("{FAE04EC0-301F-11D3-BF4B-00C04F79EFBC}") = "ConnectServerTicketAttach", "ConnectServerTicketAttach\ConnectServerTicketAttach.csproj", "{9D32305F-82B0-499C-99EF-EB7442C3582E}"
EndProject
Global
	GlobalSection(SolutionConfigurationPlatforms) = preSolution
		Debug|Any CPU = Debug|Any CPU
		Release|Any CPU = Release|Any CPU
	EndGlobalSection
	GlobalSection(ProjectConfigurationPlatforms) = postSolution
		{25BEE9B7-4244-4ED6-9935-361CF17D0880}.Debug|Any CPU.ActiveCfg = Debug|Any CPU
		{25BEE9B7-4244-4ED6-9935-361CF17D0880}.Debug|Any CPU.Build.0 = Debug|Any CPU
		{25BEE9B7-4244-4ED6-9935-361CF17D0880}.Release|Any CPU.ActiveCfg = Release|Any CPU
		{25BEE9B7-4244-4ED6-9935-361CF17D0880}.Release|Any CPU.Build.0 = Release|Any CPU
		{42D9E4C7-8B3A-4032-9CBC-8BD4C2646D27}.Debug|Any CPU.ActiveCfg = Debug|Any CPU
		{42D9E4C7-8B3A-4032-9CBC-8BD4C2646D27}.Debug|Any CPU.Build.0 = Debug|Any CPU
		{42D9E4C7-8B3A-4032-9CBC-8BD4C2646D27}.Release|Any CPU.ActiveCfg = Release|Any CPU
		{42D9E4C7-8B3A-4032-9CBC-8BD4C2646D27}.Release|Any CPU.Build.0 = Release|Any CPU
		{A3571185-F8E2-4B1D-B310-3A4C6F58414F}.Debug|Any CPU.ActiveCfg = Debug|Any CPU
		{A3571185-F8E2-4B1D-B310-3A4C6F58414F}.Debug|Any CPU.Build.0 = Debug|Any CPU
		{A3571185-F8E2-4B1D-B310-3A4C6F58414F}.Release|Any CPU.ActiveCfg = Release|Any CPU
		{A3571185-F8E2-4B1D-B310-3A4C6F58414F}.Release|Any CPU.Build.0 = Release|Any CPU
		{BBA86DC0-25F7-4A44-B788-689B0DD69004}.Debug|Any CPU.ActiveCfg = Debug|Any CPU
		{BBA86DC0-25F7-4A44-B788-689B0DD69004}.Debug|Any CPU.Build.0 = Debug|Any CPU
		{BBA86DC0-25F7-4A44-B788-689B0DD69004}.Release|Any CPU.ActiveCfg = Release|Any CPU
		{BBA86DC0-25F7-4A44-B788-689B0DD69004}.Release|Any CPU.Build.0 = Release|Any CPU
		{046D7F29-EB5A-47F9-9B49-9CBA27726544}.Debug|Any CPU.ActiveCfg = Debug|Any CPU
		{046D7F29-EB5A-47F9-9B49-9CBA27726544}.Debug|Any CPU.Build.0 = Debug|Any CPU
		{046D7F29-EB5A-47F9-9B49-9CBA27726544}.Release|Any CPU.ActiveCfg = Release|Any CPU
		{046D7F29-EB5A-47F9-9B49-9CBA27726544}.Release|Any CPU.Build.0 = Release|Any CPU
		{917E3247-8829-44BC-90DA-F5CD2667BE94}.Debug|Any CPU.ActiveCfg = Debug|Any CPU
		{917E3247-8829-44BC-90DA-F5CD2667BE94}.Debug|Any CPU.Build.0 = Debug|Any CPU
		{917E3247-8829-44BC-90DA-F5CD2667BE94}.Release|Any CPU.ActiveCfg = Release|Any CPU
		{917E3247-8829-44BC-90DA-F5CD2667BE94}.Release|Any CPU.Build.0 = Release|Any CPU
		{F8B97539-1769-418D-9C4E-34AF09BD3E97}.Debug|Any CPU.ActiveCfg = Debug|Any CPU
		{F8B97539-1769-418D-9C4E-34AF09BD3E97}.Debug|Any CPU.Build.0 = Debug|Any CPU
		{F8B97539-1769-418D-9C4E-34AF09BD3E97}.Release|Any CPU.ActiveCfg = Release|Any CPU
		{F8B97539-1769-418D-9C4E-34AF09BD3E97}.Release|Any CPU.Build.0 = Release|Any CPU
		{28E4F7BC-61F9-47A1-80E1-55577BB7C3AA}.Debug|Any CPU.ActiveCfg = Debug|Any CPU
		{28E4F7BC-61F9-47A1-80E1-55577BB7C3AA}.Debug|Any CPU.Build.0 = Debug|Any CPU
		{28E4F7BC-61F9-47A1-80E1-55577BB7C3AA}.Release|Any CPU.ActiveCfg = Release|Any CPU
		{28E4F7BC-61F9-47A1-80E1-55577BB7C3AA}.Release|Any CPU.Build.0 = Release|Any CPU
		{F10596CD-9C37-40C5-BD52-00306268CC9B}.Debug|Any CPU.ActiveCfg = Debug|Any CPU
		{F10596CD-9C37-40C5-BD52-00306268CC9B}.Debug|Any CPU.Build.0 = Debug|Any CPU
		{F10596CD-9C37-40C5-BD52-00306268CC9B}.Release|Any CPU.ActiveCfg = Release|Any CPU
		{F10596CD-9C37-40C5-BD52-00306268CC9B}.Release|Any CPU.Build.0 = Release|Any CPU
		{942630A6-263E-45F3-9EBD-86102D655812}.Debug|Any CPU.ActiveCfg = Debug|Any CPU
		{942630A6-263E-45F3-9EBD-86102D655812}.Debug|Any CPU.Build.0 = Debug|Any CPU
		{942630A6-263E-45F3-9EBD-86102D655812}.Release|Any CPU.ActiveCfg = Release|Any CPU
		{942630A6-263E-45F3-9EBD-86102D655812}.Release|Any CPU.Build.0 = Release|Any CPU
		{9D32305F-82B0-499C-99EF-EB7442C3582E}.Debug|Any CPU.ActiveCfg = Debug|Any CPU
		{9D32305F-82B0-499C-99EF-EB7442C3582E}.Debug|Any CPU.Build.0 = Debug|Any CPU
		{9D32305F-82B0-499C-99EF-EB7442C3582E}.Release|Any CPU.ActiveCfg = Release|Any CPU
		{9D32305F-82B0-499C-99EF-EB7442C3582E}.Release|Any CPU.Build.0 = Release|Any CPU
	EndGlobalSection
	GlobalSection(SolutionProperties) = preSolution
		HideSolutionNode = FALSE
	EndGlobalSection
EndGlobal
