
Microsoft Visual Studio Solution File, Format Version 12.00
# Visual Studio 2013
VisualStudioVersion = 12.0.31101.0
MinimumVisualStudioVersion = 10.0.40219.1
Project("{FAE04EC0-301F-11D3-BF4B-00C04F79EFBC}") = "AppTraverser", "AppTraverser.csproj", "{A3571185-F8E2-4B1D-B310-3A4C6F58414F}"
EndProject
Global
	GlobalSection(SolutionConfigurationPlatforms) = preSolution
		Debug|Any CPU = Debug|Any CPU
		Release|Any CPU = Release|Any CPU
	EndGlobalSection
	GlobalSection(ProjectConfigurationPlatforms) = postSolution
		{A3571185-F8E2-4B1D-B310-3A4C6F58414F}.Debug|Any CPU.ActiveCfg = Debug|Any CPU
		{A3571185-F8E2-4B1D-B310-3A4C6F58414F}.Debug|Any CPU.Build.0 = Debug|Any CPU
		{A3571185-F8E2-4B1D-B310-3A4C6F58414F}.Release|Any CPU.ActiveCfg = Release|Any CPU
		{A3571185-F8E2-4B1D-B310-3A4C6F58414F}.Release|Any CPU.Build.0 = Release|Any CPU
	EndGlobalSection
	GlobalSection(SolutionProperties) = preSolution
		HideSolutionNode = FALSE
	EndGlobalSection
EndGlobal
