
Microsoft Visual Studio Solution File, Format Version 12.00
# Visual Studio Version 16
VisualStudioVersion = 16.0.32228.343
MinimumVisualStudioVersion = 10.0.40219.1
Project("{FAE04EC0-301F-11D3-BF4B-00C04F79EFBC}") = "ObserveSessionTimeout", "ObserveSessionTimeout.csproj", "{019C2320-1CE6-4922-88CA-A102B46B0083}"
EndProject
Global
	GlobalSection(SolutionConfigurationPlatforms) = preSolution
		Debug|Any CPU = Debug|Any CPU
		Release|Any CPU = Release|Any CPU
	EndGlobalSection
	GlobalSection(ProjectConfigurationPlatforms) = postSolution
		{019C2320-1CE6-4922-88CA-A102B46B0083}.Debug|Any CPU.ActiveCfg = Debug|Any CPU
		{019C2320-1CE6-4922-88CA-A102B46B0083}.Debug|Any CPU.Build.0 = Debug|Any CPU
		{019C2320-1CE6-4922-88CA-A102B46B0083}.Release|Any CPU.ActiveCfg = Release|Any CPU
		{019C2320-1CE6-4922-88CA-A102B46B0083}.Release|Any CPU.Build.0 = Release|Any CPU
	EndGlobalSection
	GlobalSection(SolutionProperties) = preSolution
		HideSolutionNode = FALSE
	EndGlobalSection
	GlobalSection(ExtensibilityGlobals) = postSolution
		SolutionGuid = {3D169573-DB49-476F-8B93-E9301F570807}
	EndGlobalSection
EndGlobal
